// !$*UTF8*$!
{
	archiveVersion = 1;
	classes = {
	};
	objectVersion = 46;
	objects = {

/* Begin PBXBuildFile section */
		21B9C6231866076600015C24 /* Foundation.framework in Frameworks */ = {isa = PBXBuildFile; fileRef = 21B9C6221866076600015C24 /* Foundation.framework */; };
		21B9C6251866076600015C24 /* CoreGraphics.framework in Frameworks */ = {isa = PBXBuildFile; fileRef = 21B9C6241866076600015C24 /* CoreGraphics.framework */; };
		21B9C6271866076600015C24 /* UIKit.framework in Frameworks */ = {isa = PBXBuildFile; fileRef = 21B9C6261866076600015C24 /* UIKit.framework */; };
		21B9C62D1866076600015C24 /* InfoPlist.strings in Resources */ = {isa = PBXBuildFile; fileRef = 21B9C62B1866076600015C24 /* InfoPlist.strings */; };
		21B9C62F1866076600015C24 /* main.m in Sources */ = {isa = PBXBuildFile; fileRef = 21B9C62E1866076600015C24 /* main.m */; };
		21B9C6331866076600015C24 /* BridgeAppDelegate.m in Sources */ = {isa = PBXBuildFile; fileRef = 21B9C6321866076600015C24 /* BridgeAppDelegate.m */; };
		21B9C6361866076600015C24 /* Main_iPhone.storyboard in Resources */ = {isa = PBXBuildFile; fileRef = 21B9C6341866076600015C24 /* Main_iPhone.storyboard */; };
		21B9C6391866076600015C24 /* Main_iPad.storyboard in Resources */ = {isa = PBXBuildFile; fileRef = 21B9C6371866076600015C24 /* Main_iPad.storyboard */; };
		21B9C63C1866076600015C24 /* BridgeViewController.m in Sources */ = {isa = PBXBuildFile; fileRef = 21B9C63B1866076600015C24 /* BridgeViewController.m */; };
		21B9C63E1866076600015C24 /* Images.xcassets in Resources */ = {isa = PBXBuildFile; fileRef = 21B9C63D1866076600015C24 /* Images.xcassets */; };
		21B9C6451866076600015C24 /* XCTest.framework in Frameworks */ = {isa = PBXBuildFile; fileRef = 21B9C6441866076600015C24 /* XCTest.framework */; };
		21B9C6461866076600015C24 /* Foundation.framework in Frameworks */ = {isa = PBXBuildFile; fileRef = 21B9C6221866076600015C24 /* Foundation.framework */; };
		21B9C6471866076600015C24 /* UIKit.framework in Frameworks */ = {isa = PBXBuildFile; fileRef = 21B9C6261866076600015C24 /* UIKit.framework */; };
		21B9C64F1866076600015C24 /* InfoPlist.strings in Resources */ = {isa = PBXBuildFile; fileRef = 21B9C64D1866076600015C24 /* InfoPlist.strings */; };
		21B9C6511866076600015C24 /* Bridge_HelperTests.m in Sources */ = {isa = PBXBuildFile; fileRef = 21B9C6501866076600015C24 /* Bridge_HelperTests.m */; };
/* End PBXBuildFile section */

/* Begin PBXContainerItemProxy section */
		21B9C6481866076600015C24 /* PBXContainerItemProxy */ = {
			isa = PBXContainerItemProxy;
			containerPortal = 21B9C6171866076600015C24 /* Project object */;
			proxyType = 1;
			remoteGlobalIDString = 21B9C61E1866076600015C24;
			remoteInfo = "Bridge Helper";
		};
/* End PBXContainerItemProxy section */

/* Begin PBXFileReference section */
		21B9C61F1866076600015C24 /* Bridge Helper.app */ = {isa = PBXFileReference; explicitFileType = wrapper.application; includeInIndex = 0; path = "Bridge Helper.app"; sourceTree = BUILT_PRODUCTS_DIR; };
		21B9C6221866076600015C24 /* Foundation.framework */ = {isa = PBXFileReference; lastKnownFileType = wrapper.framework; name = Foundation.framework; path = System/Library/Frameworks/Foundation.framework; sourceTree = SDKROOT; };
		21B9C6241866076600015C24 /* CoreGraphics.framework */ = {isa = PBXFileReference; lastKnownFileType = wrapper.framework; name = CoreGraphics.framework; path = System/Library/Frameworks/CoreGraphics.framework; sourceTree = SDKROOT; };
		21B9C6261866076600015C24 /* UIKit.framework */ = {isa = PBXFileReference; lastKnownFileType = wrapper.framework; name = UIKit.framework; path = System/Library/Frameworks/UIKit.framework; sourceTree = SDKROOT; };
		21B9C62A1866076600015C24 /* Bridge Helper-Info.plist */ = {isa = PBXFileReference; lastKnownFileType = text.plist.xml; path = "Bridge Helper-Info.plist"; sourceTree = "<group>"; };
		21B9C62C1866076600015C24 /* en */ = {isa = PBXFileReference; lastKnownFileType = text.plist.strings; name = en; path = en.lproj/InfoPlist.strings; sourceTree = "<group>"; };
		21B9C62E1866076600015C24 /* main.m */ = {isa = PBXFileReference; lastKnownFileType = sourcecode.c.objc; path = main.m; sourceTree = "<group>"; };
		21B9C6301866076600015C24 /* Bridge Helper-Prefix.pch */ = {isa = PBXFileReference; lastKnownFileType = sourcecode.c.h; path = "Bridge Helper-Prefix.pch"; sourceTree = "<group>"; };
		21B9C6311866076600015C24 /* BridgeAppDelegate.h */ = {isa = PBXFileReference; lastKnownFileType = sourcecode.c.h; path = BridgeAppDelegate.h; sourceTree = "<group>"; };
		21B9C6321866076600015C24 /* BridgeAppDelegate.m */ = {isa = PBXFileReference; lastKnownFileType = sourcecode.c.objc; path = BridgeAppDelegate.m; sourceTree = "<group>"; };
		21B9C6351866076600015C24 /* Base */ = {isa = PBXFileReference; lastKnownFileType = file.storyboard; name = Base; path = Base.lproj/Main_iPhone.storyboard; sourceTree = "<group>"; };
		21B9C6381866076600015C24 /* Base */ = {isa = PBXFileReference; lastKnownFileType = file.storyboard; name = Base; path = Base.lproj/Main_iPad.storyboard; sourceTree = "<group>"; };
		21B9C63A1866076600015C24 /* BridgeViewController.h */ = {isa = PBXFileReference; lastKnownFileType = sourcecode.c.h; path = BridgeViewController.h; sourceTree = "<group>"; };
		21B9C63B1866076600015C24 /* BridgeViewController.m */ = {isa = PBXFileReference; lastKnownFileType = sourcecode.c.objc; path = BridgeViewController.m; sourceTree = "<group>"; };
		21B9C63D1866076600015C24 /* Images.xcassets */ = {isa = PBXFileReference; lastKnownFileType = folder.assetcatalog; path = Images.xcassets; sourceTree = "<group>"; };
		21B9C6431866076600015C24 /* Bridge HelperTests.xctest */ = {isa = PBXFileReference; explicitFileType = wrapper.cfbundle; includeInIndex = 0; path = "Bridge HelperTests.xctest"; sourceTree = BUILT_PRODUCTS_DIR; };
		21B9C6441866076600015C24 /* XCTest.framework */ = {isa = PBXFileReference; lastKnownFileType = wrapper.framework; name = XCTest.framework; path = Library/Frameworks/XCTest.framework; sourceTree = DEVELOPER_DIR; };
		21B9C64C1866076600015C24 /* Bridge HelperTests-Info.plist */ = {isa = PBXFileReference; lastKnownFileType = text.plist.xml; path = "Bridge HelperTests-Info.plist"; sourceTree = "<group>"; };
		21B9C64E1866076600015C24 /* en */ = {isa = PBXFileReference; lastKnownFileType = text.plist.strings; name = en; path = en.lproj/InfoPlist.strings; sourceTree = "<group>"; };
		21B9C6501866076600015C24 /* Bridge_HelperTests.m */ = {isa = PBXFileReference; lastKnownFileType = sourcecode.c.objc; path = Bridge_HelperTests.m; sourceTree = "<group>"; };
/* End PBXFileReference section */

/* Begin PBXFrameworksBuildPhase section */
		21B9C61C1866076600015C24 /* Frameworks */ = {
			isa = PBXFrameworksBuildPhase;
			buildActionMask = 2147483647;
			files = (
				21B9C6251866076600015C24 /* CoreGraphics.framework in Frameworks */,
				21B9C6271866076600015C24 /* UIKit.framework in Frameworks */,
				21B9C6231866076600015C24 /* Foundation.framework in Frameworks */,
			);
			runOnlyForDeploymentPostprocessing = 0;
		};
		21B9C6401866076600015C24 /* Frameworks */ = {
			isa = PBXFrameworksBuildPhase;
			buildActionMask = 2147483647;
			files = (
				21B9C6451866076600015C24 /* XCTest.framework in Frameworks */,
				21B9C6471866076600015C24 /* UIKit.framework in Frameworks */,
				21B9C6461866076600015C24 /* Foundation.framework in Frameworks */,
			);
			runOnlyForDeploymentPostprocessing = 0;
		};
/* End PBXFrameworksBuildPhase section */

/* Begin PBXGroup section */
		21B9C6161866076500015C24 = {
			isa = PBXGroup;
			children = (
				21B9C6281866076600015C24 /* Bridge Helper */,
				21B9C64A1866076600015C24 /* Bridge HelperTests */,
				21B9C6211866076600015C24 /* Frameworks */,
				21B9C6201866076600015C24 /* Products */,
			);
			sourceTree = "<group>";
		};
		21B9C6201866076600015C24 /* Products */ = {
			isa = PBXGroup;
			children = (
				21B9C61F1866076600015C24 /* Bridge Helper.app */,
				21B9C6431866076600015C24 /* Bridge HelperTests.xctest */,
			);
			name = Products;
			sourceTree = "<group>";
		};
		21B9C6211866076600015C24 /* Frameworks */ = {
			isa = PBXGroup;
			children = (
				21B9C6221866076600015C24 /* Foundation.framework */,
				21B9C6241866076600015C24 /* CoreGraphics.framework */,
				21B9C6261866076600015C24 /* UIKit.framework */,
				21B9C6441866076600015C24 /* XCTest.framework */,
			);
			name = Frameworks;
			sourceTree = "<group>";
		};
		21B9C6281866076600015C24 /* Bridge Helper */ = {
			isa = PBXGroup;
			children = (
				21B9C6311866076600015C24 /* BridgeAppDelegate.h */,
				21B9C6321866076600015C24 /* BridgeAppDelegate.m */,
				21B9C6341866076600015C24 /* Main_iPhone.storyboard */,
				21B9C6371866076600015C24 /* Main_iPad.storyboard */,
				21B9C63A1866076600015C24 /* BridgeViewController.h */,
				21B9C63B1866076600015C24 /* BridgeViewController.m */,
				21B9C63D1866076600015C24 /* Images.xcassets */,
				21B9C6291866076600015C24 /* Supporting Files */,
			);
			path = "Bridge Helper";
			sourceTree = "<group>";
		};
		21B9C6291866076600015C24 /* Supporting Files */ = {
			isa = PBXGroup;
			children = (
				21B9C62A1866076600015C24 /* Bridge Helper-Info.plist */,
				21B9C62B1866076600015C24 /* InfoPlist.strings */,
				21B9C62E1866076600015C24 /* main.m */,
				21B9C6301866076600015C24 /* Bridge Helper-Prefix.pch */,
			);
			name = "Supporting Files";
			sourceTree = "<group>";
		};
		21B9C64A1866076600015C24 /* Bridge HelperTests */ = {
			isa = PBXGroup;
			children = (
				21B9C6501866076600015C24 /* Bridge_HelperTests.m */,
				21B9C64B1866076600015C24 /* Supporting Files */,
			);
			path = "Bridge HelperTests";
			sourceTree = "<group>";
		};
		21B9C64B1866076600015C24 /* Supporting Files */ = {
			isa = PBXGroup;
			children = (
				21B9C64C1866076600015C24 /* Bridge HelperTests-Info.plist */,
				21B9C64D1866076600015C24 /* InfoPlist.strings */,
			);
			name = "Supporting Files";
			sourceTree = "<group>";
		};
/* End PBXGroup section */

/* Begin PBXNativeTarget section */
		21B9C61E1866076600015C24 /* Bridge Helper */ = {
			isa = PBXNativeTarget;
			buildConfigurationList = 21B9C6541866076600015C24 /* Build configuration list for PBXNativeTarget "Bridge Helper" */;
			buildPhases = (
				21B9C61B1866076600015C24 /* Sources */,
				21B9C61C1866076600015C24 /* Frameworks */,
				21B9C61D1866076600015C24 /* Resources */,
			);
			buildRules = (
			);
			dependencies = (
			);
			name = "Bridge Helper";
			productName = "Bridge Helper";
			productReference = 21B9C61F1866076600015C24 /* Bridge Helper.app */;
			productType = "com.apple.product-type.application";
		};
		21B9C6421866076600015C24 /* Bridge HelperTests */ = {
			isa = PBXNativeTarget;
			buildConfigurationList = 21B9C6571866076600015C24 /* Build configuration list for PBXNativeTarget "Bridge HelperTests" */;
			buildPhases = (
				21B9C63F1866076600015C24 /* Sources */,
				21B9C6401866076600015C24 /* Frameworks */,
				21B9C6411866076600015C24 /* Resources */,
			);
			buildRules = (
			);
			dependencies = (
				21B9C6491866076600015C24 /* PBXTargetDependency */,
			);
			name = "Bridge HelperTests";
			productName = "Bridge HelperTests";
			productReference = 21B9C6431866076600015C24 /* Bridge HelperTests.xctest */;
			productType = "com.apple.product-type.bundle.unit-test";
		};
/* End PBXNativeTarget section */

/* Begin PBXProject section */
		21B9C6171866076600015C24 /* Project object */ = {
			isa = PBXProject;
			attributes = {
				CLASSPREFIX = Bridge;
				LastUpgradeCheck = 0500;
				ORGANIZATIONNAME = Obelix;
				TargetAttributes = {
					21B9C6421866076600015C24 = {
						TestTargetID = 21B9C61E1866076600015C24;
					};
				};
			};
			buildConfigurationList = 21B9C61A1866076600015C24 /* Build configuration list for PBXProject "Bridge Helper" */;
			compatibilityVersion = "Xcode 3.2";
			developmentRegion = English;
			hasScannedForEncodings = 0;
			knownRegions = (
				en,
				Base,
			);
			mainGroup = 21B9C6161866076500015C24;
			productRefGroup = 21B9C6201866076600015C24 /* Products */;
			projectDirPath = "";
			projectRoot = "";
			targets = (
				21B9C61E1866076600015C24 /* Bridge Helper */,
				21B9C6421866076600015C24 /* Bridge HelperTests */,
			);
		};
/* End PBXProject section */

/* Begin PBXResourcesBuildPhase section */
		21B9C61D1866076600015C24 /* Resources */ = {
			isa = PBXResourcesBuildPhase;
			buildActionMask = 2147483647;
			files = (
				21B9C6391866076600015C24 /* Main_iPad.storyboard in Resources */,
				21B9C63E1866076600015C24 /* Images.xcassets in Resources */,
				21B9C6361866076600015C24 /* Main_iPhone.storyboard in Resources */,
				21B9C62D1866076600015C24 /* InfoPlist.strings in Resources */,
			);
			runOnlyForDeploymentPostprocessing = 0;
		};
		21B9C6411866076600015C24 /* Resources */ = {
			isa = PBXResourcesBuildPhase;
			buildActionMask = 2147483647;
			files = (
				21B9C64F1866076600015C24 /* InfoPlist.strings in Resources */,
			);
			runOnlyForDeploymentPostprocessing = 0;
		};
/* End PBXResourcesBuildPhase section */

/* Begin PBXSourcesBuildPhase section */
		21B9C61B1866076600015C24 /* Sources */ = {
			isa = PBXSourcesBuildPhase;
			buildActionMask = 2147483647;
			files = (
				21B9C63C1866076600015C24 /* BridgeViewController.m in Sources */,
				21B9C62F1866076600015C24 /* main.m in Sources */,
				21B9C6331866076600015C24 /* BridgeAppDelegate.m in Sources */,
			);
			runOnlyForDeploymentPostprocessing = 0;
		};
		21B9C63F1866076600015C24 /* Sources */ = {
			isa = PBXSourcesBuildPhase;
			buildActionMask = 2147483647;
			files = (
				21B9C6511866076600015C24 /* Bridge_HelperTests.m in Sources */,
			);
			runOnlyForDeploymentPostprocessing = 0;
		};
/* End PBXSourcesBuildPhase section */

/* Begin PBXTargetDependency section */
		21B9C6491866076600015C24 /* PBXTargetDependency */ = {
			isa = PBXTargetDependency;
			target = 21B9C61E1866076600015C24 /* Bridge Helper */;
			targetProxy = 21B9C6481866076600015C24 /* PBXContainerItemProxy */;
		};
/* End PBXTargetDependency section */

/* Begin PBXVariantGroup section */
		21B9C62B1866076600015C24 /* InfoPlist.strings */ = {
			isa = PBXVariantGroup;
			children = (
				21B9C62C1866076600015C24 /* en */,
			);
			name = InfoPlist.strings;
			sourceTree = "<group>";
		};
		21B9C6341866076600015C24 /* Main_iPhone.storyboard */ = {
			isa = PBXVariantGroup;
			children = (
				21B9C6351866076600015C24 /* Base */,
			);
			name = Main_iPhone.storyboard;
			sourceTree = "<group>";
		};
		21B9C6371866076600015C24 /* Main_iPad.storyboard */ = {
			isa = PBXVariantGroup;
			children = (
				21B9C6381866076600015C24 /* Base */,
			);
			name = Main_iPad.storyboard;
			sourceTree = "<group>";
		};
		21B9C64D1866076600015C24 /* InfoPlist.strings */ = {
			isa = PBXVariantGroup;
			children = (
				21B9C64E1866076600015C24 /* en */,
			);
			name = InfoPlist.strings;
			sourceTree = "<group>";
		};
/* End PBXVariantGroup section */

/* Begin XCBuildConfiguration section */
		21B9C6521866076600015C24 /* Debug */ = {
			isa = XCBuildConfiguration;
			buildSettings = {
				ALWAYS_SEARCH_USER_PATHS = NO;
				ARCHS = "$(ARCHS_STANDARD_INCLUDING_64_BIT)";
				CLANG_CXX_LANGUAGE_STANDARD = "gnu++0x";
				CLANG_CXX_LIBRARY = "libc++";
				CLANG_ENABLE_MODULES = YES;
				CLANG_ENABLE_OBJC_ARC = YES;
				CLANG_WARN_BOOL_CONVERSION = YES;
				CLANG_WARN_CONSTANT_CONVERSION = YES;
				CLANG_WARN_DIRECT_OBJC_ISA_USAGE = YES_ERROR;
				CLANG_WARN_EMPTY_BODY = YES;
				CLANG_WARN_ENUM_CONVERSION = YES;
				CLANG_WARN_INT_CONVERSION = YES;
				CLANG_WARN_OBJC_ROOT_CLASS = YES_ERROR;
				CLANG_WARN__DUPLICATE_METHOD_MATCH = YES;
				"CODE_SIGN_IDENTITY[sdk=iphoneos*]" = "iPhone Developer";
				COPY_PHASE_STRIP = NO;
				GCC_C_LANGUAGE_STANDARD = gnu99;
				GCC_DYNAMIC_NO_PIC = NO;
				GCC_OPTIMIZATION_LEVEL = 0;
				GCC_PREPROCESSOR_DEFINITIONS = (
					"DEBUG=1",
					"$(inherited)",
				);
				GCC_SYMBOLS_PRIVATE_EXTERN = NO;
				GCC_WARN_64_TO_32_BIT_CONVERSION = YES;
				GCC_WARN_ABOUT_RETURN_TYPE = YES_ERROR;
				GCC_WARN_UNDECLARED_SELECTOR = YES;
				GCC_WARN_UNINITIALIZED_AUTOS = YES;
				GCC_WARN_UNUSED_FUNCTION = YES;
				GCC_WARN_UNUSED_VARIABLE = YES;
				IPHONEOS_DEPLOYMENT_TARGET = 7.0;
				ONLY_ACTIVE_ARCH = YES;
				SDKROOT = iphoneos;
				TARGETED_DEVICE_FAMILY = "1,2";
			};
			name = Debug;
		};
		21B9C6531866076600015C24 /* Release */ = {
			isa = XCBuildConfiguration;
			buildSettings = {
				ALWAYS_SEARCH_USER_PATHS = NO;
				ARCHS = "$(ARCHS_STANDARD_INCLUDING_64_BIT)";
				CLANG_CXX_LANGUAGE_STANDARD = "gnu++0x";
				CLANG_CXX_LIBRARY = "libc++";
				CLANG_ENABLE_MODULES = YES;
				CLANG_ENABLE_OBJC_ARC = YES;
				CLANG_WARN_BOOL_CONVERSION = YES;
				CLANG_WARN_CONSTANT_CONVERSION = YES;
				CLANG_WARN_DIRECT_OBJC_ISA_USAGE = YES_ERROR;
				CLANG_WARN_EMPTY_BODY = YES;
				CLANG_WARN_ENUM_CONVERSION = YES;
				CLANG_WARN_INT_CONVERSION = YES;
				CLANG_WARN_OBJC_ROOT_CLASS = YES_ERROR;
				CLANG_WARN__DUPLICATE_METHOD_MATCH = YES;
				"CODE_SIGN_IDENTITY[sdk=iphoneos*]" = "iPhone Developer";
				COPY_PHASE_STRIP = YES;
				ENABLE_NS_ASSERTIONS = NO;
				GCC_C_LANGUAGE_STANDARD = gnu99;
				GCC_WARN_64_TO_32_BIT_CONVERSION = YES;
				GCC_WARN_ABOUT_RETURN_TYPE = YES_ERROR;
				GCC_WARN_UNDECLARED_SELECTOR = YES;
				GCC_WARN_UNINITIALIZED_AUTOS = YES;
				GCC_WARN_UNUSED_FUNCTION = YES;
				GCC_WARN_UNUSED_VARIABLE = YES;
				IPHONEOS_DEPLOYMENT_TARGET = 7.0;
				SDKROOT = iphoneos;
				TARGETED_DEVICE_FAMILY = "1,2";
				VALIDATE_PRODUCT = YES;
			};
			name = Release;
		};
		21B9C6551866076600015C24 /* Debug */ = {
			isa = XCBuildConfiguration;
			buildSettings = {
				ASSETCATALOG_COMPILER_APPICON_NAME = AppIcon;
				ASSETCATALOG_COMPILER_LAUNCHIMAGE_NAME = LaunchImage;
				GCC_PRECOMPILE_PREFIX_HEADER = YES;
				GCC_PREFIX_HEADER = "Bridge Helper/Bridge Helper-Prefix.pch";
				INFOPLIST_FILE = "Bridge Helper/Bridge Helper-Info.plist";
				PRODUCT_NAME = "$(TARGET_NAME)";
				WRAPPER_EXTENSION = app;
			};
			name = Debug;
		};
		21B9C6561866076600015C24 /* Release */ = {
			isa = XCBuildConfiguration;
			buildSettings = {
				ASSETCATALOG_COMPILER_APPICON_NAME = AppIcon;
				ASSETCATALOG_COMPILER_LAUNCHIMAGE_NAME = LaunchImage;
				GCC_PRECOMPILE_PREFIX_HEADER = YES;
				GCC_PREFIX_HEADER = "Bridge Helper/Bridge Helper-Prefix.pch";
				INFOPLIST_FILE = "Bridge Helper/Bridge Helper-Info.plist";
				PRODUCT_NAME = "$(TARGET_NAME)";
				WRAPPER_EXTENSION = app;
			};
			name = Release;
		};
		21B9C6581866076600015C24 /* Debug */ = {
			isa = XCBuildConfiguration;
			buildSettings = {
				ARCHS = "$(ARCHS_STANDARD_INCLUDING_64_BIT)";
				BUNDLE_LOADER = "$(BUILT_PRODUCTS_DIR)/Bridge Helper.app/Bridge Helper";
				FRAMEWORK_SEARCH_PATHS = (
					"$(SDKROOT)/Developer/Library/Frameworks",
					"$(inherited)",
					"$(DEVELOPER_FRAMEWORKS_DIR)",
				);
				GCC_PRECOMPILE_PREFIX_HEADER = YES;
				GCC_PREFIX_HEADER = "Bridge Helper/Bridge Helper-Prefix.pch";
				GCC_PREPROCESSOR_DEFINITIONS = (
					"DEBUG=1",
					"$(inherited)",
				);
				INFOPLIST_FILE = "Bridge HelperTests/Bridge HelperTests-Info.plist";
				PRODUCT_NAME = "$(TARGET_NAME)";
				TEST_HOST = "$(BUNDLE_LOADER)";
				WRAPPER_EXTENSION = xctest;
			};
			name = Debug;
		};
		21B9C6591866076600015C24 /* Release */ = {
			isa = XCBuildConfiguration;
			buildSettings = {
				ARCHS = "$(ARCHS_STANDARD_INCLUDING_64_BIT)";
				BUNDLE_LOADER = "$(BUILT_PRODUCTS_DIR)/Bridge Helper.app/Bridge Helper";
				FRAMEWORK_SEARCH_PATHS = (
					"$(SDKROOT)/Developer/Library/Frameworks",
					"$(inherited)",
					"$(DEVELOPER_FRAMEWORKS_DIR)",
				);
				GCC_PRECOMPILE_PREFIX_HEADER = YES;
				GCC_PREFIX_HEADER = "Bridge Helper/Bridge Helper-Prefix.pch";
				INFOPLIST_FILE = "Bridge HelperTests/Bridge HelperTests-Info.plist";
				PRODUCT_NAME = "$(TARGET_NAME)";
				TEST_HOST = "$(BUNDLE_LOADER)";
				WRAPPER_EXTENSION = xctest;
			};
			name = Release;
		};
/* End XCBuildConfiguration section */

/* Begin XCConfigurationList section */
		21B9C61A1866076600015C24 /* Build configuration list for PBXProject "Bridge Helper" */ = {
			isa = XCConfigurationList;
			buildConfigurations = (
				21B9C6521866076600015C24 /* Debug */,
				21B9C6531866076600015C24 /* Release */,
			);
			defaultConfigurationIsVisible = 0;
			defaultConfigurationName = Release;
		};
		21B9C6541866076600015C24 /* Build configuration list for PBXNativeTarget "Bridge Helper" */ = {
			isa = XCConfigurationList;
			buildConfigurations = (
				21B9C6551866076600015C24 /* Debug */,
				21B9C6561866076600015C24 /* Release */,
			);
			defaultConfigurationIsVisible = 0;
		};
		21B9C6571866076600015C24 /* Build configuration list for PBXNativeTarget "Bridge HelperTests" */ = {
			isa = XCConfigurationList;
			buildConfigurations = (
				21B9C6581866076600015C24 /* Debug */,
				21B9C6591866076600015C24 /* Release */,
			);
			defaultConfigurationIsVisible = 0;
		};
/* End XCConfigurationList section */
	};
	rootObject = 21B9C6171866076600015C24 /* Project object */;
}
